
Microsoft Visual Studio Solution File, Format Version 12.00
# Visual Studio 15
VisualStudioVersion = 15.0.28307.271
MinimumVisualStudioVersion = 10.0.40219.1
Project("{FAE04EC0-301F-11D3-BF4B-00C04F79EFBC}") = "InClassDatabaseAPIAshbyCreightonCrum", "InClassDatabaseAPIAshbyCreightonCrum\InClassDatabaseAPIAshbyCreightonCrum.csproj", "{C84BC59F-AC02-4985-A912-CA98243F076A}"
EndProject
Global
	GlobalSection(SolutionConfigurationPlatforms) = preSolution
		Debug|Any CPU = Debug|Any CPU
		Release|Any CPU = Release|Any CPU
	EndGlobalSection
	GlobalSection(ProjectConfigurationPlatforms) = postSolution
		{C84BC59F-AC02-4985-A912-CA98243F076A}.Debug|Any CPU.ActiveCfg = Debug|Any CPU
		{C84BC59F-AC02-4985-A912-CA98243F076A}.Debug|Any CPU.Build.0 = Debug|Any CPU
		{C84BC59F-AC02-4985-A912-CA98243F076A}.Release|Any CPU.ActiveCfg = Release|Any CPU
		{C84BC59F-AC02-4985-A912-CA98243F076A}.Release|Any CPU.Build.0 = Release|Any CPU
	EndGlobalSection
	GlobalSection(SolutionProperties) = preSolution
		HideSolutionNode = FALSE
	EndGlobalSection
	GlobalSection(ExtensibilityGlobals) = postSolution
		SolutionGuid = {6993B533-690E-4002-8E04-20A791051FBB}
	EndGlobalSection
EndGlobal
